
Microsoft Visual Studio Solution File, Format Version 12.00
# Visual Studio Version 16
VisualStudioVersion = 16.0.30309.148
MinimumVisualStudioVersion = 10.0.40219.1
Project("{FAE04EC0-301F-11D3-BF4B-00C04F79EFBC}") = "AuthService", "AuthService\AuthService.csproj", "{A1FACBB4-FF2E-49DB-9D6B-EF840AC62ECE}"
EndProject
Global
	GlobalSection(SolutionConfigurationPlatforms) = preSolution
		Debug|Any CPU = Debug|Any CPU
		Release|Any CPU = Release|Any CPU
	EndGlobalSection
	GlobalSection(ProjectConfigurationPlatforms) = postSolution
		{A1FACBB4-FF2E-49DB-9D6B-EF840AC62ECE}.Debug|Any CPU.ActiveCfg = Debug|Any CPU
		{A1FACBB4-FF2E-49DB-9D6B-EF840AC62ECE}.Debug|Any CPU.Build.0 = Debug|Any CPU
		{A1FACBB4-FF2E-49DB-9D6B-EF840AC62ECE}.Release|Any CPU.ActiveCfg = Release|Any CPU
		{A1FACBB4-FF2E-49DB-9D6B-EF840AC62ECE}.Release|Any CPU.Build.0 = Release|Any CPU
	EndGlobalSection
	GlobalSection(SolutionProperties) = preSolution
		HideSolutionNode = FALSE
	EndGlobalSection
	GlobalSection(ExtensibilityGlobals) = postSolution
		SolutionGuid = {E1A9BAD3-EC11-48EC-9672-1EB4B71B1E4B}
	EndGlobalSection
EndGlobal
